
Microsoft Visual Studio Solution File, Format Version 12.00
# Visual Studio Version 17
VisualStudioVersion = 17.12.35527.113
MinimumVisualStudioVersion = 10.0.40219.1
Project("{FAE04EC0-301F-11D3-BF4B-00C04F79EFBC}") = "Internship.Sessions", "Internship.Sessions\Internship.Sessions.csproj", "{64FA3F67-323A-40DF-99E5-4EA8EE32DB02}"
EndProject
Project("{FAE04EC0-301F-11D3-BF4B-00C04F79EFBC}") = "EMS", "EMS\EMS.csproj", "{66AFDE8F-95C5-4852-B71F-A0C3EB767D9A}"
EndProject
Project("{FAE04EC0-301F-11D3-BF4B-00C04F79EFBC}") = "dotnetcoreSessions", "dotnetcoreSessions\dotnetcoreSessions.csproj", "{C8969570-4481-465F-BFC6-46F9D8F1BDAF}"
EndProject
Project("{FAE04EC0-301F-11D3-BF4B-00C04F79EFBC}") = "LA.Entities", "LA.Entities\LA.Entities.csproj", "{92279493-3933-44A8-B1CD-7CA6DBB1C30B}"
EndProject
Project("{FAE04EC0-301F-11D3-BF4B-00C04F79EFBC}") = "LA.Repositories", "LA.Repositories\LA.Repositories.csproj", "{84EF1FFC-46DF-4DC5-AE97-15CD22CE119E}"
EndProject
Project("{FAE04EC0-301F-11D3-BF4B-00C04F79EFBC}") = "LA.UI", "LA.UI\LA.UI.csproj", "{6F04D5D0-BB00-44B0-8BF7-ABBC7AA6C517}"
EndProject
Project("{FAE04EC0-301F-11D3-BF4B-00C04F79EFBC}") = "EMS.Models", "EMS.Models\EMS.Models.csproj", "{F306DD6E-6408-47F8-ACB8-203745FEDB54}"
EndProject
Project("{FAE04EC0-301F-11D3-BF4B-00C04F79EFBC}") = "EMS.Repos", "EMS.Repos\EMS.Repos.csproj", "{CA4A0B9F-C819-4974-B6F8-E71C931FA902}"
EndProject
Project("{FAE04EC0-301F-11D3-BF4B-00C04F79EFBC}") = "EMS.UI", "EMS.UI\EMS.UI.csproj", "{DF891C08-1848-4FAC-8666-7A802DEEE2CF}"
EndProject
Global
	GlobalSection(SolutionConfigurationPlatforms) = preSolution
		Debug|Any CPU = Debug|Any CPU
		Release|Any CPU = Release|Any CPU
	EndGlobalSection
	GlobalSection(ProjectConfigurationPlatforms) = postSolution
		{64FA3F67-323A-40DF-99E5-4EA8EE32DB02}.Debug|Any CPU.ActiveCfg = Debug|Any CPU
		{64FA3F67-323A-40DF-99E5-4EA8EE32DB02}.Debug|Any CPU.Build.0 = Debug|Any CPU
		{64FA3F67-323A-40DF-99E5-4EA8EE32DB02}.Release|Any CPU.ActiveCfg = Release|Any CPU
		{64FA3F67-323A-40DF-99E5-4EA8EE32DB02}.Release|Any CPU.Build.0 = Release|Any CPU
		{66AFDE8F-95C5-4852-B71F-A0C3EB767D9A}.Debug|Any CPU.ActiveCfg = Debug|Any CPU
		{66AFDE8F-95C5-4852-B71F-A0C3EB767D9A}.Debug|Any CPU.Build.0 = Debug|Any CPU
		{66AFDE8F-95C5-4852-B71F-A0C3EB767D9A}.Release|Any CPU.ActiveCfg = Release|Any CPU
		{66AFDE8F-95C5-4852-B71F-A0C3EB767D9A}.Release|Any CPU.Build.0 = Release|Any CPU
		{C8969570-4481-465F-BFC6-46F9D8F1BDAF}.Debug|Any CPU.ActiveCfg = Debug|Any CPU
		{C8969570-4481-465F-BFC6-46F9D8F1BDAF}.Debug|Any CPU.Build.0 = Debug|Any CPU
		{C8969570-4481-465F-BFC6-46F9D8F1BDAF}.Release|Any CPU.ActiveCfg = Release|Any CPU
		{C8969570-4481-465F-BFC6-46F9D8F1BDAF}.Release|Any CPU.Build.0 = Release|Any CPU
		{92279493-3933-44A8-B1CD-7CA6DBB1C30B}.Debug|Any CPU.ActiveCfg = Debug|Any CPU
		{92279493-3933-44A8-B1CD-7CA6DBB1C30B}.Debug|Any CPU.Build.0 = Debug|Any CPU
		{92279493-3933-44A8-B1CD-7CA6DBB1C30B}.Release|Any CPU.ActiveCfg = Release|Any CPU
		{92279493-3933-44A8-B1CD-7CA6DBB1C30B}.Release|Any CPU.Build.0 = Release|Any CPU
		{84EF1FFC-46DF-4DC5-AE97-15CD22CE119E}.Debug|Any CPU.ActiveCfg = Debug|Any CPU
		{84EF1FFC-46DF-4DC5-AE97-15CD22CE119E}.Debug|Any CPU.Build.0 = Debug|Any CPU
		{84EF1FFC-46DF-4DC5-AE97-15CD22CE119E}.Release|Any CPU.ActiveCfg = Release|Any CPU
		{84EF1FFC-46DF-4DC5-AE97-15CD22CE119E}.Release|Any CPU.Build.0 = Release|Any CPU
		{6F04D5D0-BB00-44B0-8BF7-ABBC7AA6C517}.Debug|Any CPU.ActiveCfg = Debug|Any CPU
		{6F04D5D0-BB00-44B0-8BF7-ABBC7AA6C517}.Debug|Any CPU.Build.0 = Debug|Any CPU
		{6F04D5D0-BB00-44B0-8BF7-ABBC7AA6C517}.Release|Any CPU.ActiveCfg = Release|Any CPU
		{6F04D5D0-BB00-44B0-8BF7-ABBC7AA6C517}.Release|Any CPU.Build.0 = Release|Any CPU
		{F306DD6E-6408-47F8-ACB8-203745FEDB54}.Debug|Any CPU.ActiveCfg = Debug|Any CPU
		{F306DD6E-6408-47F8-ACB8-203745FEDB54}.Debug|Any CPU.Build.0 = Debug|Any CPU
		{F306DD6E-6408-47F8-ACB8-203745FEDB54}.Release|Any CPU.ActiveCfg = Release|Any CPU
		{F306DD6E-6408-47F8-ACB8-203745FEDB54}.Release|Any CPU.Build.0 = Release|Any CPU
		{CA4A0B9F-C819-4974-B6F8-E71C931FA902}.Debug|Any CPU.ActiveCfg = Debug|Any CPU
		{CA4A0B9F-C819-4974-B6F8-E71C931FA902}.Debug|Any CPU.Build.0 = Debug|Any CPU
		{CA4A0B9F-C819-4974-B6F8-E71C931FA902}.Release|Any CPU.ActiveCfg = Release|Any CPU
		{CA4A0B9F-C819-4974-B6F8-E71C931FA902}.Release|Any CPU.Build.0 = Release|Any CPU
		{DF891C08-1848-4FAC-8666-7A802DEEE2CF}.Debug|Any CPU.ActiveCfg = Debug|Any CPU
		{DF891C08-1848-4FAC-8666-7A802DEEE2CF}.Debug|Any CPU.Build.0 = Debug|Any CPU
		{DF891C08-1848-4FAC-8666-7A802DEEE2CF}.Release|Any CPU.ActiveCfg = Release|Any CPU
		{DF891C08-1848-4FAC-8666-7A802DEEE2CF}.Release|Any CPU.Build.0 = Release|Any CPU
	EndGlobalSection
	GlobalSection(SolutionProperties) = preSolution
		HideSolutionNode = FALSE
	EndGlobalSection
EndGlobal
